
Microsoft Visual Studio Solution File, Format Version 12.00
# Visual Studio 14
VisualStudioVersion = 14.0.25420.1
MinimumVisualStudioVersion = 10.0.40219.1
Project("{FAE04EC0-301F-11D3-BF4B-00C04F79EFBC}") = "TenPinBowling", "TenPinBowling\TenPinBowling.csproj", "{BD2BE9C2-77AB-4189-A182-AB12A1285323}"
EndProject
Project("{FAE04EC0-301F-11D3-BF4B-00C04F79EFBC}") = "TenPinBowlingTests", "TenPinBowlingTests\TenPinBowlingTests.csproj", "{A04F46AE-E078-4526-A25E-9A80FE6EBB8E}"
EndProject
Global
	GlobalSection(SolutionConfigurationPlatforms) = preSolution
		Debug|Any CPU = Debug|Any CPU
		Release|Any CPU = Release|Any CPU
	EndGlobalSection
	GlobalSection(ProjectConfigurationPlatforms) = postSolution
		{BD2BE9C2-77AB-4189-A182-AB12A1285323}.Debug|Any CPU.ActiveCfg = Debug|Any CPU
		{BD2BE9C2-77AB-4189-A182-AB12A1285323}.Debug|Any CPU.Build.0 = Debug|Any CPU
		{BD2BE9C2-77AB-4189-A182-AB12A1285323}.Release|Any CPU.ActiveCfg = Release|Any CPU
		{BD2BE9C2-77AB-4189-A182-AB12A1285323}.Release|Any CPU.Build.0 = Release|Any CPU
		{A04F46AE-E078-4526-A25E-9A80FE6EBB8E}.Debug|Any CPU.ActiveCfg = Debug|Any CPU
		{A04F46AE-E078-4526-A25E-9A80FE6EBB8E}.Debug|Any CPU.Build.0 = Debug|Any CPU
		{A04F46AE-E078-4526-A25E-9A80FE6EBB8E}.Release|Any CPU.ActiveCfg = Release|Any CPU
		{A04F46AE-E078-4526-A25E-9A80FE6EBB8E}.Release|Any CPU.Build.0 = Release|Any CPU
	EndGlobalSection
	GlobalSection(SolutionProperties) = preSolution
		HideSolutionNode = FALSE
	EndGlobalSection
EndGlobal
